hash: 409dd9cf0fc6ff7b2a46130c251cc8a29a67c939600437ca790e5b1102bf5e5d
updated: 2017-01-27T12:27:12.798070598+05:30
imports:
- name: github.com/bmizerany/pq
  version: da2b95e392c172df0be322eadc19a90b0f771548
- name: github.com/gin-gonic/gin
  version: e2212d40c62a98b388a5eb48ecbdcf88534688ba
- name: github.com/golang/protobuf
  version: 8ee79997227bf9b34611aee7946ae64735e6fd93
  subpackages:
  - proto
  - protoc-gen-go/descriptor
- name: github.com/RetailMarket/priceManagerClient
  version: 91205d292f832837a234aca6d0ab5c099ce3d275
- name: github.com/RetailMarket/workFlowClient
  version: 9896562e92fe077c1322fdc42639183a68040d47
- name: golang.org/x/net
  version: f2499483f923065a842d38eb4c7f1927e6fc6e6d
  subpackages:
  - context
  - http2
  - http2/hpack
  - idna
  - internal/timeseries
  - lex/httplex
  - trace
- name: google.golang.org/grpc
  version: 50955793b0183f9de69bd78e2ec251cf20aab121
  subpackages:
  - codes
  - credentials
  - grpclog
  - internal
  - metadata
  - naming
  - peer
  - reflection
  - reflection/grpc_reflection_v1alpha
  - stats
  - tap
  - transport
testImports: []
